// !$*UTF8*$!
{
	archiveVersion = 1;
	classes = {
	};
	objectVersion = 56;
	objects = {

/* Begin PBXBuildFile section */
		4B23378129721D86002CB991 /* SnipeItApp.swift in Sources */ = {isa = PBXBuildFile; fileRef = 4B23378029721D86002CB991 /* SnipeItApp.swift */; };
		4B23378329721D86002CB991 /* ContentView.swift in Sources */ = {isa = PBXBuildFile; fileRef = 4B23378229721D86002CB991 /* ContentView.swift */; };
		4B23378529721D88002CB991 /* Assets.xcassets in Resources */ = {isa = PBXBuildFile; fileRef = 4B23378429721D88002CB991 /* Assets.xcassets */; };
		4B23378929721D88002CB991 /* Preview Assets.xcassets in Resources */ = {isa = PBXBuildFile; fileRef = 4B23378829721D88002CB991 /* Preview Assets.xcassets */; };
		4B23379329721D89002CB991 /* SnipeItTests.swift in Sources */ = {isa = PBXBuildFile; fileRef = 4B23379229721D89002CB991 /* SnipeItTests.swift */; };
		4B23379D29721D89002CB991 /* SnipeItUITests.swift in Sources */ = {isa = PBXBuildFile; fileRef = 4B23379C29721D89002CB991 /* SnipeItUITests.swift */; };
		4B23379F29721D89002CB991 /* SnipeItUITestsLaunchTests.swift in Sources */ = {isa = PBXBuildFile; fileRef = 4B23379E29721D89002CB991 /* SnipeItUITestsLaunchTests.swift */; };
		4B2337AF29721DF7002CB991 /* ServerConfigView.swift in Sources */ = {isa = PBXBuildFile; fileRef = 4B2337AE29721DF7002CB991 /* ServerConfigView.swift */; };
		4B2337B129722328002CB991 /* MainView.swift in Sources */ = {isa = PBXBuildFile; fileRef = 4B2337B029722328002CB991 /* MainView.swift */; };
		4B2337B52972235B002CB991 /* MainViewModel.swift in Sources */ = {isa = PBXBuildFile; fileRef = 4B2337B42972235B002CB991 /* MainViewModel.swift */; };
		4B2337B9297223AB002CB991 /* MainState.swift in Sources */ = {isa = PBXBuildFile; fileRef = 4B2337B8297223AB002CB991 /* MainState.swift */; };
		4B2337BD2972250B002CB991 /* SnipeItView.swift in Sources */ = {isa = PBXBuildFile; fileRef = 4B2337BC2972250B002CB991 /* SnipeItView.swift */; };
		4B2337C029722BA1002CB991 /* ServerConfigViewModel.swift in Sources */ = {isa = PBXBuildFile; fileRef = 4B2337BF29722BA0002CB991 /* ServerConfigViewModel.swift */; };
		4B2337C429722CC7002CB991 /* SnipeItService.swift in Sources */ = {isa = PBXBuildFile; fileRef = 4B2337C329722CC7002CB991 /* SnipeItService.swift */; };
		4B2337C729723033002CB991 /* Manufacturer.swift in Sources */ = {isa = PBXBuildFile; fileRef = 4B2337C629723033002CB991 /* Manufacturer.swift */; };
		4B2337C9297230D1002CB991 /* SnipeItDate.swift in Sources */ = {isa = PBXBuildFile; fileRef = 4B2337C8297230D1002CB991 /* SnipeItDate.swift */; };
		4B2337CB29723120002CB991 /* SnipeItActions.swift in Sources */ = {isa = PBXBuildFile; fileRef = 4B2337CA29723120002CB991 /* SnipeItActions.swift */; };
		4B2337CE297232C6002CB991 /* SnipeItCollection.swift in Sources */ = {isa = PBXBuildFile; fileRef = 4B2337CD297232C6002CB991 /* SnipeItCollection.swift */; };
		4B2337D229723A36002CB991 /* SnipeItAPIConfig.swift in Sources */ = {isa = PBXBuildFile; fileRef = 4B2337D129723A36002CB991 /* SnipeItAPIConfig.swift */; };
		4B2337D629723A92002CB991 /* ManufacturersServiceAPI.swift in Sources */ = {isa = PBXBuildFile; fileRef = 4B2337D529723A92002CB991 /* ManufacturersServiceAPI.swift */; };
		4B2337D829723AD9002CB991 /* SnipeItServiceAPI.swift in Sources */ = {isa = PBXBuildFile; fileRef = 4B2337D729723AD9002CB991 /* SnipeItServiceAPI.swift */; };
/* End PBXBuildFile section */

/* Begin PBXContainerItemProxy section */
		4B23378F29721D89002CB991 /* PBXContainerItemProxy */ = {
			isa = PBXContainerItemProxy;
			containerPortal = 4B23377529721D86002CB991 /* Project object */;
			proxyType = 1;
			remoteGlobalIDString = 4B23377C29721D86002CB991;
			remoteInfo = SnipeIt;
		};
		4B23379929721D89002CB991 /* PBXContainerItemProxy */ = {
			isa = PBXContainerItemProxy;
			containerPortal = 4B23377529721D86002CB991 /* Project object */;
			proxyType = 1;
			remoteGlobalIDString = 4B23377C29721D86002CB991;
			remoteInfo = SnipeIt;
		};
/* End PBXContainerItemProxy section */

/* Begin PBXFileReference section */
		4B23377D29721D86002CB991 /* SnipeIt.app */ = {isa = PBXFileReference; explicitFileType = wrapper.application; includeInIndex = 0; path = SnipeIt.app; sourceTree = BUILT_PRODUCTS_DIR; };
		4B23378029721D86002CB991 /* SnipeItApp.swift */ = {isa = PBXFileReference; lastKnownFileType = sourcecode.swift; path = SnipeItApp.swift; sourceTree = "<group>"; };
		4B23378229721D86002CB991 /* ContentView.swift */ = {isa = PBXFileReference; lastKnownFileType = sourcecode.swift; path = ContentView.swift; sourceTree = "<group>"; };
		4B23378429721D88002CB991 /* Assets.xcassets */ = {isa = PBXFileReference; lastKnownFileType = folder.assetcatalog; path = Assets.xcassets; sourceTree = "<group>"; };
		4B23378629721D88002CB991 /* SnipeIt.entitlements */ = {isa = PBXFileReference; lastKnownFileType = text.plist.entitlements; path = SnipeIt.entitlements; sourceTree = "<group>"; };
		4B23378829721D88002CB991 /* Preview Assets.xcassets */ = {isa = PBXFileReference; lastKnownFileType = folder.assetcatalog; path = "Preview Assets.xcassets"; sourceTree = "<group>"; };
		4B23378E29721D89002CB991 /* SnipeItTests.xctest */ = {isa = PBXFileReference; explicitFileType = wrapper.cfbundle; includeInIndex = 0; path = SnipeItTests.xctest; sourceTree = BUILT_PRODUCTS_DIR; };
		4B23379229721D89002CB991 /* SnipeItTests.swift */ = {isa = PBXFileReference; lastKnownFileType = sourcecode.swift; path = SnipeItTests.swift; sourceTree = "<group>"; };
		4B23379829721D89002CB991 /* SnipeItUITests.xctest */ = {isa = PBXFileReference; explicitFileType = wrapper.cfbundle; includeInIndex = 0; path = SnipeItUITests.xctest; sourceTree = BUILT_PRODUCTS_DIR; };
		4B23379C29721D89002CB991 /* SnipeItUITests.swift */ = {isa = PBXFileReference; lastKnownFileType = sourcecode.swift; path = SnipeItUITests.swift; sourceTree = "<group>"; };
		4B23379E29721D89002CB991 /* SnipeItUITestsLaunchTests.swift */ = {isa = PBXFileReference; lastKnownFileType = sourcecode.swift; path = SnipeItUITestsLaunchTests.swift; sourceTree = "<group>"; };
		4B2337AE29721DF7002CB991 /* ServerConfigView.swift */ = {isa = PBXFileReference; lastKnownFileType = sourcecode.swift; path = ServerConfigView.swift; sourceTree = "<group>"; };
		4B2337B029722328002CB991 /* MainView.swift */ = {isa = PBXFileReference; lastKnownFileType = sourcecode.swift; path = MainView.swift; sourceTree = "<group>"; };
		4B2337B42972235B002CB991 /* MainViewModel.swift */ = {isa = PBXFileReference; lastKnownFileType = sourcecode.swift; path = MainViewModel.swift; sourceTree = "<group>"; };
		4B2337B8297223AB002CB991 /* MainState.swift */ = {isa = PBXFileReference; lastKnownFileType = sourcecode.swift; path = MainState.swift; sourceTree = "<group>"; };
		4B2337BC2972250B002CB991 /* SnipeItView.swift */ = {isa = PBXFileReference; lastKnownFileType = sourcecode.swift; path = SnipeItView.swift; sourceTree = "<group>"; };
		4B2337BF29722BA0002CB991 /* ServerConfigViewModel.swift */ = {isa = PBXFileReference; lastKnownFileType = sourcecode.swift; path = ServerConfigViewModel.swift; sourceTree = "<group>"; };
		4B2337C329722CC7002CB991 /* SnipeItService.swift */ = {isa = PBXFileReference; lastKnownFileType = sourcecode.swift; path = SnipeItService.swift; sourceTree = "<group>"; };
		4B2337C629723033002CB991 /* Manufacturer.swift */ = {isa = PBXFileReference; lastKnownFileType = sourcecode.swift; path = Manufacturer.swift; sourceTree = "<group>"; };
		4B2337C8297230D1002CB991 /* SnipeItDate.swift */ = {isa = PBXFileReference; lastKnownFileType = sourcecode.swift; path = SnipeItDate.swift; sourceTree = "<group>"; };
		4B2337CA29723120002CB991 /* SnipeItActions.swift */ = {isa = PBXFileReference; lastKnownFileType = sourcecode.swift; path = SnipeItActions.swift; sourceTree = "<group>"; };
		4B2337CD297232C6002CB991 /* SnipeItCollection.swift */ = {isa = PBXFileReference; lastKnownFileType = sourcecode.swift; path = SnipeItCollection.swift; sourceTree = "<group>"; };
		4B2337D129723A36002CB991 /* SnipeItAPIConfig.swift */ = {isa = PBXFileReference; lastKnownFileType = sourcecode.swift; path = SnipeItAPIConfig.swift; sourceTree = "<group>"; };
		4B2337D529723A92002CB991 /* ManufacturersServiceAPI.swift */ = {isa = PBXFileReference; lastKnownFileType = sourcecode.swift; path = ManufacturersServiceAPI.swift; sourceTree = "<group>"; };
		4B2337D729723AD9002CB991 /* SnipeItServiceAPI.swift */ = {isa = PBXFileReference; lastKnownFileType = sourcecode.swift; path = SnipeItServiceAPI.swift; sourceTree = "<group>"; };
/* End PBXFileReference section */

/* Begin PBXFrameworksBuildPhase section */
		4B23377A29721D86002CB991 /* Frameworks */ = {
			isa = PBXFrameworksBuildPhase;
			buildActionMask = 2147483647;
			files = (
			);
			runOnlyForDeploymentPostprocessing = 0;
		};
		4B23378B29721D89002CB991 /* Frameworks */ = {
			isa = PBXFrameworksBuildPhase;
			buildActionMask = 2147483647;
			files = (
			);
			runOnlyForDeploymentPostprocessing = 0;
		};
		4B23379529721D89002CB991 /* Frameworks */ = {
			isa = PBXFrameworksBuildPhase;
			buildActionMask = 2147483647;
			files = (
			);
			runOnlyForDeploymentPostprocessing = 0;
		};
/* End PBXFrameworksBuildPhase section */

/* Begin PBXGroup section */
		4B23377429721D86002CB991 = {
			isa = PBXGroup;
			children = (
				4B23377F29721D86002CB991 /* SnipeIt */,
				4B23379129721D89002CB991 /* SnipeItTests */,
				4B23379B29721D89002CB991 /* SnipeItUITests */,
				4B23377E29721D86002CB991 /* Products */,
			);
			sourceTree = "<group>";
		};
		4B23377E29721D86002CB991 /* Products */ = {
			isa = PBXGroup;
			children = (
				4B23377D29721D86002CB991 /* SnipeIt.app */,
				4B23378E29721D89002CB991 /* SnipeItTests.xctest */,
				4B23379829721D89002CB991 /* SnipeItUITests.xctest */,
			);
			name = Products;
			sourceTree = "<group>";
		};
		4B23377F29721D86002CB991 /* SnipeIt */ = {
			isa = PBXGroup;
			children = (
				4B2337C129722CA0002CB991 /* Services */,
				4B2337AB29721DA6002CB991 /* Features */,
				4B23378029721D86002CB991 /* SnipeItApp.swift */,
				4B23378229721D86002CB991 /* ContentView.swift */,
				4B23378429721D88002CB991 /* Assets.xcassets */,
				4B23378629721D88002CB991 /* SnipeIt.entitlements */,
				4B23378729721D88002CB991 /* Preview Content */,
			);
			path = SnipeIt;
			sourceTree = "<group>";
		};
		4B23378729721D88002CB991 /* Preview Content */ = {
			isa = PBXGroup;
			children = (
				4B23378829721D88002CB991 /* Preview Assets.xcassets */,
			);
			path = "Preview Content";
			sourceTree = "<group>";
		};
		4B23379129721D89002CB991 /* SnipeItTests */ = {
			isa = PBXGroup;
			children = (
				4B23379229721D89002CB991 /* SnipeItTests.swift */,
			);
			path = SnipeItTests;
			sourceTree = "<group>";
		};
		4B23379B29721D89002CB991 /* SnipeItUITests */ = {
			isa = PBXGroup;
			children = (
				4B23379C29721D89002CB991 /* SnipeItUITests.swift */,
				4B23379E29721D89002CB991 /* SnipeItUITestsLaunchTests.swift */,
			);
			path = SnipeItUITests;
			sourceTree = "<group>";
		};
		4B2337AB29721DA6002CB991 /* Features */ = {
			isa = PBXGroup;
			children = (
				4B2337BA297224EA002CB991 /* SnipeIt */,
				4B2337B229722345002CB991 /* Main */,
				4B2337AC29721DB2002CB991 /* ServerConfig */,
			);
			path = Features;
			sourceTree = "<group>";
		};
		4B2337AC29721DB2002CB991 /* ServerConfig */ = {
			isa = PBXGroup;
			children = (
				4B2337BE29722B87002CB991 /* ViewModel */,
				4B2337AD29721DE7002CB991 /* Views */,
			);
			path = ServerConfig;
			sourceTree = "<group>";
		};
		4B2337AD29721DE7002CB991 /* Views */ = {
			isa = PBXGroup;
			children = (
				4B2337AE29721DF7002CB991 /* ServerConfigView.swift */,
			);
			path = Views;
			sourceTree = "<group>";
		};
		4B2337B229722345002CB991 /* Main */ = {
			isa = PBXGroup;
			children = (
				4B2337B729722394002CB991 /* Model */,
				4B2337B62972235E002CB991 /* ViewModel */,
				4B2337B32972234B002CB991 /* Views */,
			);
			path = Main;
			sourceTree = "<group>";
		};
		4B2337B32972234B002CB991 /* Views */ = {
			isa = PBXGroup;
			children = (
				4B2337B029722328002CB991 /* MainView.swift */,
			);
			path = Views;
			sourceTree = "<group>";
		};
		4B2337B62972235E002CB991 /* ViewModel */ = {
			isa = PBXGroup;
			children = (
				4B2337B42972235B002CB991 /* MainViewModel.swift */,
			);
			path = ViewModel;
			sourceTree = "<group>";
		};
		4B2337B729722394002CB991 /* Model */ = {
			isa = PBXGroup;
			children = (
				4B2337B8297223AB002CB991 /* MainState.swift */,
			);
			path = Model;
			sourceTree = "<group>";
		};
		4B2337BA297224EA002CB991 /* SnipeIt */ = {
			isa = PBXGroup;
			children = (
				4B2337BB297224FA002CB991 /* Views */,
			);
			path = SnipeIt;
			sourceTree = "<group>";
		};
		4B2337BB297224FA002CB991 /* Views */ = {
			isa = PBXGroup;
			children = (
				4B2337BC2972250B002CB991 /* SnipeItView.swift */,
			);
			path = Views;
			sourceTree = "<group>";
		};
		4B2337BE29722B87002CB991 /* ViewModel */ = {
			isa = PBXGroup;
			children = (
				4B2337BF29722BA0002CB991 /* ServerConfigViewModel.swift */,
			);
			path = ViewModel;
			sourceTree = "<group>";
		};
		4B2337C129722CA0002CB991 /* Services */ = {
			isa = PBXGroup;
			children = (
				4B2337C229722CB6002CB991 /* SnipeItService */,
			);
			path = Services;
			sourceTree = "<group>";
		};
		4B2337C229722CB6002CB991 /* SnipeItService */ = {
			isa = PBXGroup;
			children = (
				4B2337CF29723500002CB991 /* APIImplementation */,
				4B2337CC29723261002CB991 /* ManufacturersService */,
				4B2337C529722D44002CB991 /* Models */,
				4B2337C329722CC7002CB991 /* SnipeItService.swift */,
			);
			path = SnipeItService;
			sourceTree = "<group>";
		};
		4B2337C529722D44002CB991 /* Models */ = {
			isa = PBXGroup;
			children = (
				4B2337C629723033002CB991 /* Manufacturer.swift */,
				4B2337C8297230D1002CB991 /* SnipeItDate.swift */,
				4B2337CA29723120002CB991 /* SnipeItActions.swift */,
				4B2337CD297232C6002CB991 /* SnipeItCollection.swift */,
			);
			path = Models;
			sourceTree = "<group>";
		};
		4B2337CC29723261002CB991 /* ManufacturersService */ = {
			isa = PBXGroup;
			children = (
				4B2337D529723A92002CB991 /* ManufacturersServiceAPI.swift */,
			);
			path = ManufacturersService;
			sourceTree = "<group>";
		};
		4B2337CF29723500002CB991 /* APIImplementation */ = {
			isa = PBXGroup;
			children = (
				4B2337D029723A22002CB991 /* Model */,
				4B2337D129723A36002CB991 /* SnipeItAPIConfig.swift */,
				4B2337D729723AD9002CB991 /* SnipeItServiceAPI.swift */,
			);
			path = APIImplementation;
			sourceTree = "<group>";
		};
		4B2337D029723A22002CB991 /* Model */ = {
			isa = PBXGroup;
			children = (
			);
			path = Model;
			sourceTree = "<group>";
		};
/* End PBXGroup section */

/* Begin PBXNativeTarget section */
		4B23377C29721D86002CB991 /* SnipeIt */ = {
			isa = PBXNativeTarget;
			buildConfigurationList = 4B2337A229721D89002CB991 /* Build configuration list for PBXNativeTarget "SnipeIt" */;
			buildPhases = (
				4B23377929721D86002CB991 /* Sources */,
				4B23377A29721D86002CB991 /* Frameworks */,
				4B23377B29721D86002CB991 /* Resources */,
			);
			buildRules = (
			);
			dependencies = (
			);
			name = SnipeIt;
			packageProductDependencies = (
			);
			productName = SnipeIt;
			productReference = 4B23377D29721D86002CB991 /* SnipeIt.app */;
			productType = "com.apple.product-type.application";
		};
		4B23378D29721D89002CB991 /* SnipeItTests */ = {
			isa = PBXNativeTarget;
			buildConfigurationList = 4B2337A529721D89002CB991 /* Build configuration list for PBXNativeTarget "SnipeItTests" */;
			buildPhases = (
				4B23378A29721D89002CB991 /* Sources */,
				4B23378B29721D89002CB991 /* Frameworks */,
				4B23378C29721D89002CB991 /* Resources */,
			);
			buildRules = (
			);
			dependencies = (
				4B23379029721D89002CB991 /* PBXTargetDependency */,
			);
			name = SnipeItTests;
			productName = SnipeItTests;
			productReference = 4B23378E29721D89002CB991 /* SnipeItTests.xctest */;
			productType = "com.apple.product-type.bundle.unit-test";
		};
		4B23379729721D89002CB991 /* SnipeItUITests */ = {
			isa = PBXNativeTarget;
			buildConfigurationList = 4B2337A829721D89002CB991 /* Build configuration list for PBXNativeTarget "SnipeItUITests" */;
			buildPhases = (
				4B23379429721D89002CB991 /* Sources */,
				4B23379529721D89002CB991 /* Frameworks */,
				4B23379629721D89002CB991 /* Resources */,
			);
			buildRules = (
			);
			dependencies = (
				4B23379A29721D89002CB991 /* PBXTargetDependency */,
			);
			name = SnipeItUITests;
			productName = SnipeItUITests;
			productReference = 4B23379829721D89002CB991 /* SnipeItUITests.xctest */;
			productType = "com.apple.product-type.bundle.ui-testing";
		};
/* End PBXNativeTarget section */

/* Begin PBXProject section */
		4B23377529721D86002CB991 /* Project object */ = {
			isa = PBXProject;
			attributes = {
				BuildIndependentTargetsInParallel = 1;
				LastSwiftUpdateCheck = 1420;
				LastUpgradeCheck = 1420;
				TargetAttributes = {
					4B23377C29721D86002CB991 = {
						CreatedOnToolsVersion = 14.2;
					};
					4B23378D29721D89002CB991 = {
						CreatedOnToolsVersion = 14.2;
						TestTargetID = 4B23377C29721D86002CB991;
					};
					4B23379729721D89002CB991 = {
						CreatedOnToolsVersion = 14.2;
						TestTargetID = 4B23377C29721D86002CB991;
					};
				};
			};
			buildConfigurationList = 4B23377829721D86002CB991 /* Build configuration list for PBXProject "SnipeIt" */;
			compatibilityVersion = "Xcode 14.0";
			developmentRegion = en;
			hasScannedForEncodings = 0;
			knownRegions = (
				en,
				Base,
			);
			mainGroup = 4B23377429721D86002CB991;
			packageReferences = (
			);
			productRefGroup = 4B23377E29721D86002CB991 /* Products */;
			projectDirPath = "";
			projectRoot = "";
			targets = (
				4B23377C29721D86002CB991 /* SnipeIt */,
				4B23378D29721D89002CB991 /* SnipeItTests */,
				4B23379729721D89002CB991 /* SnipeItUITests */,
			);
		};
/* End PBXProject section */

/* Begin PBXResourcesBuildPhase section */
		4B23377B29721D86002CB991 /* Resources */ = {
			isa = PBXResourcesBuildPhase;
			buildActionMask = 2147483647;
			files = (
				4B23378929721D88002CB991 /* Preview Assets.xcassets in Resources */,
				4B23378529721D88002CB991 /* Assets.xcassets in Resources */,
			);
			runOnlyForDeploymentPostprocessing = 0;
		};
		4B23378C29721D89002CB991 /* Resources */ = {
			isa = PBXResourcesBuildPhase;
			buildActionMask = 2147483647;
			files = (
			);
			runOnlyForDeploymentPostprocessing = 0;
		};
		4B23379629721D89002CB991 /* Resources */ = {
			isa = PBXResourcesBuildPhase;
			buildActionMask = 2147483647;
			files = (
			);
			runOnlyForDeploymentPostprocessing = 0;
		};
/* End PBXResourcesBuildPhase section */

/* Begin PBXSourcesBuildPhase section */
		4B23377929721D86002CB991 /* Sources */ = {
			isa = PBXSourcesBuildPhase;
			buildActionMask = 2147483647;
			files = (
				4B2337C9297230D1002CB991 /* SnipeItDate.swift in Sources */,
				4B2337B52972235B002CB991 /* MainViewModel.swift in Sources */,
				4B2337AF29721DF7002CB991 /* ServerConfigView.swift in Sources */,
				4B2337B129722328002CB991 /* MainView.swift in Sources */,
				4B2337CB29723120002CB991 /* SnipeItActions.swift in Sources */,
				4B23378329721D86002CB991 /* ContentView.swift in Sources */,
				4B2337B9297223AB002CB991 /* MainState.swift in Sources */,
				4B2337D629723A92002CB991 /* ManufacturersServiceAPI.swift in Sources */,
				4B23378129721D86002CB991 /* SnipeItApp.swift in Sources */,
				4B2337D829723AD9002CB991 /* SnipeItServiceAPI.swift in Sources */,
				4B2337CE297232C6002CB991 /* SnipeItCollection.swift in Sources */,
				4B2337D229723A36002CB991 /* SnipeItAPIConfig.swift in Sources */,
				4B2337C729723033002CB991 /* Manufacturer.swift in Sources */,
				4B2337BD2972250B002CB991 /* SnipeItView.swift in Sources */,
				4B2337C429722CC7002CB991 /* SnipeItService.swift in Sources */,
				4B2337C029722BA1002CB991 /* ServerConfigViewModel.swift in Sources */,
			);
			runOnlyForDeploymentPostprocessing = 0;
		};
		4B23378A29721D89002CB991 /* Sources */ = {
			isa = PBXSourcesBuildPhase;
			buildActionMask = 2147483647;
			files = (
				4B23379329721D89002CB991 /* SnipeItTests.swift in Sources */,
			);
			runOnlyForDeploymentPostprocessing = 0;
		};
		4B23379429721D89002CB991 /* Sources */ = {
			isa = PBXSourcesBuildPhase;
			buildActionMask = 2147483647;
			files = (
				4B23379D29721D89002CB991 /* SnipeItUITests.swift in Sources */,
				4B23379F29721D89002CB991 /* SnipeItUITestsLaunchTests.swift in Sources */,
			);
			runOnlyForDeploymentPostprocessing = 0;
		};
/* End PBXSourcesBuildPhase section */

/* Begin PBXTargetDependency section */
		4B23379029721D89002CB991 /* PBXTargetDependency */ = {
			isa = PBXTargetDependency;
			target = 4B23377C29721D86002CB991 /* SnipeIt */;
			targetProxy = 4B23378F29721D89002CB991 /* PBXContainerItemProxy */;
		};
		4B23379A29721D89002CB991 /* PBXTargetDependency */ = {
			isa = PBXTargetDependency;
			target = 4B23377C29721D86002CB991 /* SnipeIt */;
			targetProxy = 4B23379929721D89002CB991 /* PBXContainerItemProxy */;
		};
/* End PBXTargetDependency section */

/* Begin XCBuildConfiguration section */
		4B2337A029721D89002CB991 /* Debug */ = {
			isa = XCBuildConfiguration;
			buildSettings = {
				ALWAYS_SEARCH_USER_PATHS = NO;
				CLANG_ANALYZER_NONNULL = YES;
				CLANG_ANALYZER_NUMBER_OBJECT_CONVERSION = YES_AGGRESSIVE;
				CLANG_CXX_LANGUAGE_STANDARD = "gnu++20";
				CLANG_ENABLE_MODULES = YES;
				CLANG_ENABLE_OBJC_ARC = YES;
				CLANG_ENABLE_OBJC_WEAK = YES;
				CLANG_WARN_BLOCK_CAPTURE_AUTORELEASING = YES;
				CLANG_WARN_BOOL_CONVERSION = YES;
				CLANG_WARN_COMMA = YES;
				CLANG_WARN_CONSTANT_CONVERSION = YES;
				CLANG_WARN_DEPRECATED_OBJC_IMPLEMENTATIONS = YES;
				CLANG_WARN_DIRECT_OBJC_ISA_USAGE = YES_ERROR;
				CLANG_WARN_DOCUMENTATION_COMMENTS = YES;
				CLANG_WARN_EMPTY_BODY = YES;
				CLANG_WARN_ENUM_CONVERSION = YES;
				CLANG_WARN_INFINITE_RECURSION = YES;
				CLANG_WARN_INT_CONVERSION = YES;
				CLANG_WARN_NON_LITERAL_NULL_CONVERSION = YES;
				CLANG_WARN_OBJC_IMPLICIT_RETAIN_SELF = YES;
				CLANG_WARN_OBJC_LITERAL_CONVERSION = YES;
				CLANG_WARN_OBJC_ROOT_CLASS = YES_ERROR;
				CLANG_WARN_QUOTED_INCLUDE_IN_FRAMEWORK_HEADER = YES;
				CLANG_WARN_RANGE_LOOP_ANALYSIS = YES;
				CLANG_WARN_STRICT_PROTOTYPES = YES;
				CLANG_WARN_SUSPICIOUS_MOVE = YES;
				CLANG_WARN_UNGUARDED_AVAILABILITY = YES_AGGRESSIVE;
				CLANG_WARN_UNREACHABLE_CODE = YES;
				CLANG_WARN__DUPLICATE_METHOD_MATCH = YES;
				COPY_PHASE_STRIP = NO;
				DEBUG_INFORMATION_FORMAT = dwarf;
				ENABLE_STRICT_OBJC_MSGSEND = YES;
				ENABLE_TESTABILITY = YES;
				GCC_C_LANGUAGE_STANDARD = gnu11;
				GCC_DYNAMIC_NO_PIC = NO;
				GCC_NO_COMMON_BLOCKS = YES;
				GCC_OPTIMIZATION_LEVEL = 0;
				GCC_PREPROCESSOR_DEFINITIONS = (
					"DEBUG=1",
					"$(inherited)",
				);
				GCC_WARN_64_TO_32_BIT_CONVERSION = YES;
				GCC_WARN_ABOUT_RETURN_TYPE = YES_ERROR;
				GCC_WARN_UNDECLARED_SELECTOR = YES;
				GCC_WARN_UNINITIALIZED_AUTOS = YES_AGGRESSIVE;
				GCC_WARN_UNUSED_FUNCTION = YES;
				GCC_WARN_UNUSED_VARIABLE = YES;
				MTL_ENABLE_DEBUG_INFO = INCLUDE_SOURCE;
				MTL_FAST_MATH = YES;
				ONLY_ACTIVE_ARCH = YES;
				SWIFT_ACTIVE_COMPILATION_CONDITIONS = DEBUG;
				SWIFT_OPTIMIZATION_LEVEL = "-Onone";
			};
			name = Debug;
		};
		4B2337A129721D89002CB991 /* Release */ = {
			isa = XCBuildConfiguration;
			buildSettings = {
				ALWAYS_SEARCH_USER_PATHS = NO;
				CLANG_ANALYZER_NONNULL = YES;
				CLANG_ANALYZER_NUMBER_OBJECT_CONVERSION = YES_AGGRESSIVE;
				CLANG_CXX_LANGUAGE_STANDARD = "gnu++20";
				CLANG_ENABLE_MODULES = YES;
				CLANG_ENABLE_OBJC_ARC = YES;
				CLANG_ENABLE_OBJC_WEAK = YES;
				CLANG_WARN_BLOCK_CAPTURE_AUTORELEASING = YES;
				CLANG_WARN_BOOL_CONVERSION = YES;
				CLANG_WARN_COMMA = YES;
				CLANG_WARN_CONSTANT_CONVERSION = YES;
				CLANG_WARN_DEPRECATED_OBJC_IMPLEMENTATIONS = YES;
				CLANG_WARN_DIRECT_OBJC_ISA_USAGE = YES_ERROR;
				CLANG_WARN_DOCUMENTATION_COMMENTS = YES;
				CLANG_WARN_EMPTY_BODY = YES;
				CLANG_WARN_ENUM_CONVERSION = YES;
				CLANG_WARN_INFINITE_RECURSION = YES;
				CLANG_WARN_INT_CONVERSION = YES;
				CLANG_WARN_NON_LITERAL_NULL_CONVERSION = YES;
				CLANG_WARN_OBJC_IMPLICIT_RETAIN_SELF = YES;
				CLANG_WARN_OBJC_LITERAL_CONVERSION = YES;
				CLANG_WARN_OBJC_ROOT_CLASS = YES_ERROR;
				CLANG_WARN_QUOTED_INCLUDE_IN_FRAMEWORK_HEADER = YES;
				CLANG_WARN_RANGE_LOOP_ANALYSIS = YES;
				CLANG_WARN_STRICT_PROTOTYPES = YES;
				CLANG_WARN_SUSPICIOUS_MOVE = YES;
				CLANG_WARN_UNGUARDED_AVAILABILITY = YES_AGGRESSIVE;
				CLANG_WARN_UNREACHABLE_CODE = YES;
				CLANG_WARN__DUPLICATE_METHOD_MATCH = YES;
				COPY_PHASE_STRIP = NO;
				DEBUG_INFORMATION_FORMAT = "dwarf-with-dsym";
				ENABLE_NS_ASSERTIONS = NO;
				ENABLE_STRICT_OBJC_MSGSEND = YES;
				GCC_C_LANGUAGE_STANDARD = gnu11;
				GCC_NO_COMMON_BLOCKS = YES;
				GCC_WARN_64_TO_32_BIT_CONVERSION = YES;
				GCC_WARN_ABOUT_RETURN_TYPE = YES_ERROR;
				GCC_WARN_UNDECLARED_SELECTOR = YES;
				GCC_WARN_UNINITIALIZED_AUTOS = YES_AGGRESSIVE;
				GCC_WARN_UNUSED_FUNCTION = YES;
				GCC_WARN_UNUSED_VARIABLE = YES;
				MTL_ENABLE_DEBUG_INFO = NO;
				MTL_FAST_MATH = YES;
				SWIFT_COMPILATION_MODE = wholemodule;
				SWIFT_OPTIMIZATION_LEVEL = "-O";
			};
			name = Release;
		};
		4B2337A329721D89002CB991 /* Debug */ = {
			isa = XCBuildConfiguration;
			buildSettings = {
				ASSETCATALOG_COMPILER_APPICON_NAME = AppIcon;
				ASSETCATALOG_COMPILER_GLOBAL_ACCENT_COLOR_NAME = AccentColor;
				CODE_SIGN_ENTITLEMENTS = SnipeIt/SnipeIt.entitlements;
				CODE_SIGN_STYLE = Automatic;
				CURRENT_PROJECT_VERSION = 1;
				DEVELOPMENT_ASSET_PATHS = "\"SnipeIt/Preview Content\"";
				DEVELOPMENT_TEAM = 29346794D4;
				ENABLE_HARDENED_RUNTIME = YES;
				ENABLE_PREVIEWS = YES;
				GENERATE_INFOPLIST_FILE = YES;
				"INFOPLIST_KEY_UIApplicationSceneManifest_Generation[sdk=iphoneos*]" = YES;
				"INFOPLIST_KEY_UIApplicationSceneManifest_Generation[sdk=iphonesimulator*]" = YES;
				"INFOPLIST_KEY_UIApplicationSupportsIndirectInputEvents[sdk=iphoneos*]" = YES;
				"INFOPLIST_KEY_UIApplicationSupportsIndirectInputEvents[sdk=iphonesimulator*]" = YES;
				"INFOPLIST_KEY_UILaunchScreen_Generation[sdk=iphoneos*]" = YES;
				"INFOPLIST_KEY_UILaunchScreen_Generation[sdk=iphonesimulator*]" = YES;
				"INFOPLIST_KEY_UIStatusBarStyle[sdk=iphoneos*]" = UIStatusBarStyleDefault;
				"INFOPLIST_KEY_UIStatusBarStyle[sdk=iphonesimulator*]" = UIStatusBarStyleDefault;
				INFOPLIST_KEY_UISupportedInterfaceOrientations_iPad = "UIInterfaceOrientationPortrait UIInterfaceOrientationPortraitUpsideDown UIInterfaceOrientationLandscapeLeft UIInterfaceOrientationLandscapeRight";
				INFOPLIST_KEY_UISupportedInterfaceOrientations_iPhone = "UIInterfaceOrientationPortrait UIInterfaceOrientationLandscapeLeft UIInterfaceOrientationLandscapeRight";
				IPHONEOS_DEPLOYMENT_TARGET = 16.2;
				LD_RUNPATH_SEARCH_PATHS = "@executable_path/Frameworks";
				"LD_RUNPATH_SEARCH_PATHS[sdk=macosx*]" = "@executable_path/../Frameworks";
				MACOSX_DEPLOYMENT_TARGET = 13.1;
				MARKETING_VERSION = 1.0;
				PRODUCT_BUNDLE_IDENTIFIER = dev.muriloaraujo.SnipeIt;
				PRODUCT_NAME = "$(TARGET_NAME)";
				SDKROOT = auto;
				SUPPORTED_PLATFORMS = "iphoneos iphonesimulator macosx";
				SWIFT_EMIT_LOC_STRINGS = YES;
				SWIFT_VERSION = 5.0;
				TARGETED_DEVICE_FAMILY = "1,2";
			};
			name = Debug;
		};
		4B2337A429721D89002CB991 /* Release */ = {
			isa = XCBuildConfiguration;
			buildSettings = {
				ASSETCATALOG_COMPILER_APPICON_NAME = AppIcon;
				ASSETCATALOG_COMPILER_GLOBAL_ACCENT_COLOR_NAME = AccentColor;
				CODE_SIGN_ENTITLEMENTS = SnipeIt/SnipeIt.entitlements;
				CODE_SIGN_STYLE = Automatic;
				CURRENT_PROJECT_VERSION = 1;
				DEVELOPMENT_ASSET_PATHS = "\"SnipeIt/Preview Content\"";
				DEVELOPMENT_TEAM = 29346794D4;
				ENABLE_HARDENED_RUNTIME = YES;
				ENABLE_PREVIEWS = YES;
				GENERATE_INFOPLIST_FILE = YES;
				"INFOPLIST_KEY_UIApplicationSceneManifest_Generation[sdk=iphoneos*]" = YES;
				"INFOPLIST_KEY_UIApplicationSceneManifest_Generation[sdk=iphonesimulator*]" = YES;
				"INFOPLIST_KEY_UIApplicationSupportsIndirectInputEvents[sdk=iphoneos*]" = YES;
				"INFOPLIST_KEY_UIApplicationSupportsIndirectInputEvents[sdk=iphonesimulator*]" = YES;
				"INFOPLIST_KEY_UILaunchScreen_Generation[sdk=iphoneos*]" = YES;
				"INFOPLIST_KEY_UILaunchScreen_Generation[sdk=iphonesimulator*]" = YES;
				"INFOPLIST_KEY_UIStatusBarStyle[sdk=iphoneos*]" = UIStatusBarStyleDefault;
				"INFOPLIST_KEY_UIStatusBarStyle[sdk=iphonesimulator*]" = UIStatusBarStyleDefault;
				INFOPLIST_KEY_UISupportedInterfaceOrientations_iPad = "UIInterfaceOrientationPortrait UIInterfaceOrientationPortraitUpsideDown UIInterfaceOrientationLandscapeLeft UIInterfaceOrientationLandscapeRight";
				INFOPLIST_KEY_UISupportedInterfaceOrientations_iPhone = "UIInterfaceOrientationPortrait UIInterfaceOrientationLandscapeLeft UIInterfaceOrientationLandscapeRight";
				IPHONEOS_DEPLOYMENT_TARGET = 16.2;
				LD_RUNPATH_SEARCH_PATHS = "@executable_path/Frameworks";
				"LD_RUNPATH_SEARCH_PATHS[sdk=macosx*]" = "@executable_path/../Frameworks";
				MACOSX_DEPLOYMENT_TARGET = 13.1;
				MARKETING_VERSION = 1.0;
				PRODUCT_BUNDLE_IDENTIFIER = dev.muriloaraujo.SnipeIt;
				PRODUCT_NAME = "$(TARGET_NAME)";
				SDKROOT = auto;
				SUPPORTED_PLATFORMS = "iphoneos iphonesimulator macosx";
				SWIFT_EMIT_LOC_STRINGS = YES;
				SWIFT_VERSION = 5.0;
				TARGETED_DEVICE_FAMILY = "1,2";
			};
			name = Release;
		};
		4B2337A629721D89002CB991 /* Debug */ = {
			isa = XCBuildConfiguration;
			buildSettings = {
				ALWAYS_EMBED_SWIFT_STANDARD_LIBRARIES = YES;
				BUNDLE_LOADER = "$(TEST_HOST)";
				CODE_SIGN_STYLE = Automatic;
				CURRENT_PROJECT_VERSION = 1;
				DEVELOPMENT_TEAM = 29346794D4;
				GENERATE_INFOPLIST_FILE = YES;
				IPHONEOS_DEPLOYMENT_TARGET = 16.2;
				MACOSX_DEPLOYMENT_TARGET = 13.1;
				MARKETING_VERSION = 1.0;
				PRODUCT_BUNDLE_IDENTIFIER = dev.muriloaraujo.SnipeItTests;
				PRODUCT_NAME = "$(TARGET_NAME)";
				SDKROOT = auto;
				SUPPORTED_PLATFORMS = "iphoneos iphonesimulator macosx";
				SWIFT_EMIT_LOC_STRINGS = NO;
				SWIFT_VERSION = 5.0;
				TARGETED_DEVICE_FAMILY = "1,2";
				TEST_HOST = "$(BUILT_PRODUCTS_DIR)/SnipeIt.app/$(BUNDLE_EXECUTABLE_FOLDER_PATH)/SnipeIt";
			};
			name = Debug;
		};
		4B2337A729721D89002CB991 /* Release */ = {
			isa = XCBuildConfiguration;
			buildSettings = {
				ALWAYS_EMBED_SWIFT_STANDARD_LIBRARIES = YES;
				BUNDLE_LOADER = "$(TEST_HOST)";
				CODE_SIGN_STYLE = Automatic;
				CURRENT_PROJECT_VERSION = 1;
				DEVELOPMENT_TEAM = 29346794D4;
				GENERATE_INFOPLIST_FILE = YES;
				IPHONEOS_DEPLOYMENT_TARGET = 16.2;
				MACOSX_DEPLOYMENT_TARGET = 13.1;
				MARKETING_VERSION = 1.0;
				PRODUCT_BUNDLE_IDENTIFIER = dev.muriloaraujo.SnipeItTests;
				PRODUCT_NAME = "$(TARGET_NAME)";
				SDKROOT = auto;
				SUPPORTED_PLATFORMS = "iphoneos iphonesimulator macosx";
				SWIFT_EMIT_LOC_STRINGS = NO;
				SWIFT_VERSION = 5.0;
				TARGETED_DEVICE_FAMILY = "1,2";
				TEST_HOST = "$(BUILT_PRODUCTS_DIR)/SnipeIt.app/$(BUNDLE_EXECUTABLE_FOLDER_PATH)/SnipeIt";
			};
			name = Release;
		};
		4B2337A929721D89002CB991 /* Debug */ = {
			isa = XCBuildConfiguration;
			buildSettings = {
				ALWAYS_EMBED_SWIFT_STANDARD_LIBRARIES = YES;
				CODE_SIGN_STYLE = Automatic;
				CURRENT_PROJECT_VERSION = 1;
				DEVELOPMENT_TEAM = 29346794D4;
				GENERATE_INFOPLIST_FILE = YES;
				IPHONEOS_DEPLOYMENT_TARGET = 16.2;
				MACOSX_DEPLOYMENT_TARGET = 13.1;
				MARKETING_VERSION = 1.0;
				PRODUCT_BUNDLE_IDENTIFIER = dev.muriloaraujo.SnipeItUITests;
				PRODUCT_NAME = "$(TARGET_NAME)";
				SDKROOT = auto;
				SUPPORTED_PLATFORMS = "iphoneos iphonesimulator macosx";
				SWIFT_EMIT_LOC_STRINGS = NO;
				SWIFT_VERSION = 5.0;
				TARGETED_DEVICE_FAMILY = "1,2";
				TEST_TARGET_NAME = SnipeIt;
			};
			name = Debug;
		};
		4B2337AA29721D89002CB991 /* Release */ = {
			isa = XCBuildConfiguration;
			buildSettings = {
				ALWAYS_EMBED_SWIFT_STANDARD_LIBRARIES = YES;
				CODE_SIGN_STYLE = Automatic;
				CURRENT_PROJECT_VERSION = 1;
				DEVELOPMENT_TEAM = 29346794D4;
				GENERATE_INFOPLIST_FILE = YES;
				IPHONEOS_DEPLOYMENT_TARGET = 16.2;
				MACOSX_DEPLOYMENT_TARGET = 13.1;
				MARKETING_VERSION = 1.0;
				PRODUCT_BUNDLE_IDENTIFIER = dev.muriloaraujo.SnipeItUITests;
				PRODUCT_NAME = "$(TARGET_NAME)";
				SDKROOT = auto;
				SUPPORTED_PLATFORMS = "iphoneos iphonesimulator macosx";
				SWIFT_EMIT_LOC_STRINGS = NO;
				SWIFT_VERSION = 5.0;
				TARGETED_DEVICE_FAMILY = "1,2";
				TEST_TARGET_NAME = SnipeIt;
			};
			name = Release;
		};
/* End XCBuildConfiguration section */

/* Begin XCConfigurationList section */
		4B23377829721D86002CB991 /* Build configuration list for PBXProject "SnipeIt" */ = {
			isa = XCConfigurationList;
			buildConfigurations = (
				4B2337A029721D89002CB991 /* Debug */,
				4B2337A129721D89002CB991 /* Release */,
			);
			defaultConfigurationIsVisible = 0;
			defaultConfigurationName = Release;
		};
		4B2337A229721D89002CB991 /* Build configuration list for PBXNativeTarget "SnipeIt" */ = {
			isa = XCConfigurationList;
			buildConfigurations = (
				4B2337A329721D89002CB991 /* Debug */,
				4B2337A429721D89002CB991 /* Release */,
			);
			defaultConfigurationIsVisible = 0;
			defaultConfigurationName = Release;
		};
		4B2337A529721D89002CB991 /* Build configuration list for PBXNativeTarget "SnipeItTests" */ = {
			isa = XCConfigurationList;
			buildConfigurations = (
				4B2337A629721D89002CB991 /* Debug */,
				4B2337A729721D89002CB991 /* Release */,
			);
			defaultConfigurationIsVisible = 0;
			defaultConfigurationName = Release;
		};
		4B2337A829721D89002CB991 /* Build configuration list for PBXNativeTarget "SnipeItUITests" */ = {
			isa = XCConfigurationList;
			buildConfigurations = (
				4B2337A929721D89002CB991 /* Debug */,
				4B2337AA29721D89002CB991 /* Release */,
			);
			defaultConfigurationIsVisible = 0;
			defaultConfigurationName = Release;
		};
/* End XCConfigurationList section */
	};
	rootObject = 4B23377529721D86002CB991 /* Project object */;
}
